
Microsoft Visual Studio Solution File, Format Version 12.00
# Visual Studio Version 17
VisualStudioVersion = 17.10.34928.147
MinimumVisualStudioVersion = 10.0.40219.1
Project("{8BC9CEB8-8B4A-11D0-8D11-00A0C91BC942}") = "test program", "test program\test program.vcxproj", "{AD2DBE1E-53BC-420F-8C4F-ED654A837EF0}"
EndProject
Global
	GlobalSection(SolutionConfigurationPlatforms) = preSolution
		Debug|x64 = Debug|x64
		Debug|x86 = Debug|x86
		Release|x64 = Release|x64
		Release|x86 = Release|x86
	EndGlobalSection
	GlobalSection(ProjectConfigurationPlatforms) = postSolution
		{AD2DBE1E-53BC-420F-8C4F-ED654A837EF0}.Debug|x64.ActiveCfg = Debug|x64
		{AD2DBE1E-53BC-420F-8C4F-ED654A837EF0}.Debug|x64.Build.0 = Debug|x64
		{AD2DBE1E-53BC-420F-8C4F-ED654A837EF0}.Debug|x86.ActiveCfg = Debug|Win32
		{AD2DBE1E-53BC-420F-8C4F-ED654A837EF0}.Debug|x86.Build.0 = Debug|Win32
		{AD2DBE1E-53BC-420F-8C4F-ED654A837EF0}.Release|x64.ActiveCfg = Release|x64
		{AD2DBE1E-53BC-420F-8C4F-ED654A837EF0}.Release|x64.Build.0 = Release|x64
		{AD2DBE1E-53BC-420F-8C4F-ED654A837EF0}.Release|x86.ActiveCfg = Release|Win32
		{AD2DBE1E-53BC-420F-8C4F-ED654A837EF0}.Release|x86.Build.0 = Release|Win32
	EndGlobalSection
	GlobalSection(SolutionProperties) = preSolution
		HideSolutionNode = FALSE
	EndGlobalSection
	GlobalSection(ExtensibilityGlobals) = postSolution
		SolutionGuid = {B1B1D9D0-52BA-4694-AB39-BB44FF294596}
	EndGlobalSection
EndGlobal
